
Microsoft Visual Studio Solution File, Format Version 12.00
# Visual Studio Version 17
VisualStudioVersion = 17.10.35027.167
MinimumVisualStudioVersion = 10.0.40219.1
Project("{8BC9CEB8-8B4A-11D0-8D11-00A0C91BC942}") = "MyTool", "MyTool.vcxproj", "{BD34FEF7-1425-392F-86C7-89BBFC861F83}"
EndProject
Global
	GlobalSection(SolutionConfigurationPlatforms) = preSolution
		Debug|x86 = Debug|x86
		Release|x86 = Release|x86
	EndGlobalSection
	GlobalSection(ProjectConfigurationPlatforms) = postSolution
		{BD34FEF7-1425-392F-86C7-89BBFC861F83}.Debug|x86.ActiveCfg = Debug|Win32
		{BD34FEF7-1425-392F-86C7-89BBFC861F83}.Debug|x86.Build.0 = Debug|Win32
		{BD34FEF7-1425-392F-86C7-89BBFC861F83}.Release|x86.ActiveCfg = Release|Win32
		{BD34FEF7-1425-392F-86C7-89BBFC861F83}.Release|x86.Build.0 = Release|Win32
	EndGlobalSection
	GlobalSection(SolutionProperties) = preSolution
		HideSolutionNode = FALSE
	EndGlobalSection
	GlobalSection(ExtensibilityGlobals) = postSolution
		SolutionGuid = {D9F69E85-3AF9-4491-86F1-817E848B421B}
	EndGlobalSection
EndGlobal
